Microsoft Visual Studio Solution File, Format Version 8.00
Project("{FAE04EC0-301F-11D3-BF4B-00C04F79EFBC}") = "clsEHLLAPI", "clsEHLLAPI.csproj", "{CB8124C7-C7F9-469C-B417-B1243439FEDD}"
	ProjectSection(ProjectDependencies) = postProject
	EndProjectSection
EndProject
Global
	GlobalSection(SolutionConfiguration) = preSolution
		Debug = Debug
		Release = Release
	EndGlobalSection
	GlobalSection(ProjectConfiguration) = postSolution
		{CB8124C7-C7F9-469C-B417-B1243439FEDD}.Debug.ActiveCfg = Debug|.NET
		{CB8124C7-C7F9-469C-B417-B1243439FEDD}.Debug.Build.0 = Debug|.NET
		{CB8124C7-C7F9-469C-B417-B1243439FEDD}.Release.ActiveCfg = Release|.NET
		{CB8124C7-C7F9-469C-B417-B1243439FEDD}.Release.Build.0 = Release|.NET
	EndGlobalSection
	GlobalSection(ExtensibilityGlobals) = postSolution
	EndGlobalSection
	GlobalSection(ExtensibilityAddIns) = postSolution
	EndGlobalSection
EndGlobal
